{
  "version": 1,
  "dependencies": {
    "net10.0": {
      "OpenMcdf": {
        "type": "Transitive",
        "resolved": "3.1.4",
        "contentHash": "ncchtCh9YKqutHTlUCrr1llXA65ijGOCjXBM0mL1+WaGouApWDEACWbBHGzuYcAvB+rgW6IgO4AKgmZ2v1moNA=="
      },
      "originalcircuit.altium": {
        "type": "Project",
        "dependencies": {
          "OpenMcdf": "[3.1.4, )"
        }
      },
      "originalcircuit.altium.rendering.core": {
        "type": "Project",
        "dependencies": {
          "OriginalCircuit.Altium": "[2.0.0-alpha.1, )"
        }
      },
      "originalcircuit.altium.rendering.svg": {
        "type": "Project",
        "dependencies": {
          "OriginalCircuit.Altium.Rendering.Core": "[2.0.0-alpha.1, )"
        }
      },
      "originalcircuit.eda.abstractions": {
        "type": "Project"
      }
    },
    "net10.0/win-x64": {}
  }
}